// !$*UTF8*$!
{
	archiveVersion = 1;
	classes = {
	};
	objectVersion = 46;
	objects = {

/* Begin PBXBuildFile section */
		6998892F1BBD8E52004ACB8D /* CourseTest.swift in Sources */ = {isa = PBXBuildFile; fileRef = 6998892E1BBD8E52004ACB8D /* CourseTest.swift */; settings = {ASSET_TAGS = (); }; };
		699889311BBD8F52004ACB8D /* Constants.swift in Sources */ = {isa = PBXBuildFile; fileRef = 699889301BBD8F52004ACB8D /* Constants.swift */; settings = {ASSET_TAGS = (); }; };
		699889331BBDA31E004ACB8D /* ScheduleFetcherTests.swift in Sources */ = {isa = PBXBuildFile; fileRef = 699889321BBDA31E004ACB8D /* ScheduleFetcherTests.swift */; settings = {ASSET_TAGS = (); }; };
		69F259021BBB26DB00F1CAF6 /* AppDelegate.swift in Sources */ = {isa = PBXBuildFile; fileRef = 69F259011BBB26DB00F1CAF6 /* AppDelegate.swift */; };
		69F259041BBB26DB00F1CAF6 /* Assets.xcassets in Resources */ = {isa = PBXBuildFile; fileRef = 69F259031BBB26DB00F1CAF6 /* Assets.xcassets */; };
		69F259071BBB26DB00F1CAF6 /* MainMenu.xib in Resources */ = {isa = PBXBuildFile; fileRef = 69F259051BBB26DB00F1CAF6 /* MainMenu.xib */; };
		69F2591D1BBB26DB00F1CAF6 /* RanchForecastUITests.swift in Sources */ = {isa = PBXBuildFile; fileRef = 69F2591C1BBB26DB00F1CAF6 /* RanchForecastUITests.swift */; };
		69F2592C1BBB27A300F1CAF6 /* MainWindowController.swift in Sources */ = {isa = PBXBuildFile; fileRef = 69F2592A1BBB27A300F1CAF6 /* MainWindowController.swift */; settings = {ASSET_TAGS = (); }; };
		69F2592D1BBB27A300F1CAF6 /* MainWindowController.xib in Resources */ = {isa = PBXBuildFile; fileRef = 69F2592B1BBB27A300F1CAF6 /* MainWindowController.xib */; settings = {ASSET_TAGS = (); }; };
		69F2592F1BBB282100F1CAF6 /* Course.swift in Sources */ = {isa = PBXBuildFile; fileRef = 69F2592E1BBB282100F1CAF6 /* Course.swift */; settings = {ASSET_TAGS = (); }; };
		69F259311BBB28BE00F1CAF6 /* ScheduleFetcher.swift in Sources */ = {isa = PBXBuildFile; fileRef = 69F259301BBB28BE00F1CAF6 /* ScheduleFetcher.swift */; settings = {ASSET_TAGS = (); }; };
/* End PBXBuildFile section */

/* Begin PBXContainerItemProxy section */
		69F2590E1BBB26DB00F1CAF6 /* PBXContainerItemProxy */ = {
			isa = PBXContainerItemProxy;
			containerPortal = 69F258F61BBB26DB00F1CAF6 /* Project object */;
			proxyType = 1;
			remoteGlobalIDString = 69F258FD1BBB26DB00F1CAF6;
			remoteInfo = RanchForecast;
		};
		69F259191BBB26DB00F1CAF6 /* PBXContainerItemProxy */ = {
			isa = PBXContainerItemProxy;
			containerPortal = 69F258F61BBB26DB00F1CAF6 /* Project object */;
			proxyType = 1;
			remoteGlobalIDString = 69F258FD1BBB26DB00F1CAF6;
			remoteInfo = RanchForecast;
		};
/* End PBXContainerItemProxy section */

/* Begin PBXFileReference section */
		6998892E1BBD8E52004ACB8D /* CourseTest.swift */ = {isa = PBXFileReference; fileEncoding = 4; lastKnownFileType = sourcecode.swift; path = CourseTest.swift; sourceTree = "<group>"; };
		699889301BBD8F52004ACB8D /* Constants.swift */ = {isa = PBXFileReference; fileEncoding = 4; lastKnownFileType = sourcecode.swift; path = Constants.swift; sourceTree = "<group>"; };
		699889321BBDA31E004ACB8D /* ScheduleFetcherTests.swift */ = {isa = PBXFileReference; fileEncoding = 4; lastKnownFileType = sourcecode.swift; path = ScheduleFetcherTests.swift; sourceTree = "<group>"; };
		69F258FE1BBB26DB00F1CAF6 /* RanchForecast.app */ = {isa = PBXFileReference; explicitFileType = wrapper.application; includeInIndex = 0; path = RanchForecast.app; sourceTree = BUILT_PRODUCTS_DIR; };
		69F259011BBB26DB00F1CAF6 /* AppDelegate.swift */ = {isa = PBXFileReference; lastKnownFileType = sourcecode.swift; path = AppDelegate.swift; sourceTree = "<group>"; };
		69F259031BBB26DB00F1CAF6 /* Assets.xcassets */ = {isa = PBXFileReference; lastKnownFileType = folder.assetcatalog; path = Assets.xcassets; sourceTree = "<group>"; };
		69F259061BBB26DB00F1CAF6 /* Base */ = {isa = PBXFileReference; lastKnownFileType = file.xib; name = Base; path = Base.lproj/MainMenu.xib; sourceTree = "<group>"; };
		69F259081BBB26DB00F1CAF6 /* Info.plist */ = {isa = PBXFileReference; lastKnownFileType = text.plist.xml; path = Info.plist; sourceTree = "<group>"; };
		69F2590D1BBB26DB00F1CAF6 /* RanchForecastTests.xctest */ = {isa = PBXFileReference; explicitFileType = wrapper.cfbundle; includeInIndex = 0; path = RanchForecastTests.xctest; sourceTree = BUILT_PRODUCTS_DIR; };
		69F259131BBB26DB00F1CAF6 /* Info.plist */ = {isa = PBXFileReference; lastKnownFileType = text.plist.xml; path = Info.plist; sourceTree = "<group>"; };
		69F259181BBB26DB00F1CAF6 /* RanchForecastUITests.xctest */ = {isa = PBXFileReference; explicitFileType = wrapper.cfbundle; includeInIndex = 0; path = RanchForecastUITests.xctest; sourceTree = BUILT_PRODUCTS_DIR; };
		69F2591C1BBB26DB00F1CAF6 /* RanchForecastUITests.swift */ = {isa = PBXFileReference; lastKnownFileType = sourcecode.swift; path = RanchForecastUITests.swift; sourceTree = "<group>"; };
		69F2591E1BBB26DB00F1CAF6 /* Info.plist */ = {isa = PBXFileReference; lastKnownFileType = text.plist.xml; path = Info.plist; sourceTree = "<group>"; };
		69F2592A1BBB27A300F1CAF6 /* MainWindowController.swift */ = {isa = PBXFileReference; fileEncoding = 4; lastKnownFileType = sourcecode.swift; path = MainWindowController.swift; sourceTree = "<group>"; };
		69F2592B1BBB27A300F1CAF6 /* MainWindowController.xib */ = {isa = PBXFileReference; fileEncoding = 4; lastKnownFileType = file.xib; path = MainWindowController.xib; sourceTree = "<group>"; };
		69F2592E1BBB282100F1CAF6 /* Course.swift */ = {isa = PBXFileReference; fileEncoding = 4; lastKnownFileType = sourcecode.swift; path = Course.swift; sourceTree = "<group>"; };
		69F259301BBB28BE00F1CAF6 /* ScheduleFetcher.swift */ = {isa = PBXFileReference; fileEncoding = 4; lastKnownFileType = sourcecode.swift; path = ScheduleFetcher.swift; sourceTree = "<group>"; };
/* End PBXFileReference section */

/* Begin PBXFrameworksBuildPhase section */
		69F258FB1BBB26DB00F1CAF6 /* Frameworks */ = {
			isa = PBXFrameworksBuildPhase;
			buildActionMask = 2147483647;
			files = (
			);
			runOnlyForDeploymentPostprocessing = 0;
		};
		69F2590A1BBB26DB00F1CAF6 /* Frameworks */ = {
			isa = PBXFrameworksBuildPhase;
			buildActionMask = 2147483647;
			files = (
			);
			runOnlyForDeploymentPostprocessing = 0;
		};
		69F259151BBB26DB00F1CAF6 /* Frameworks */ = {
			isa = PBXFrameworksBuildPhase;
			buildActionMask = 2147483647;
			files = (
			);
			runOnlyForDeploymentPostprocessing = 0;
		};
/* End PBXFrameworksBuildPhase section */

/* Begin PBXGroup section */
		69F258F51BBB26DB00F1CAF6 = {
			isa = PBXGroup;
			children = (
				69F259001BBB26DB00F1CAF6 /* RanchForecast */,
				69F259101BBB26DB00F1CAF6 /* RanchForecastTests */,
				69F2591B1BBB26DB00F1CAF6 /* RanchForecastUITests */,
				69F258FF1BBB26DB00F1CAF6 /* Products */,
			);
			sourceTree = "<group>";
		};
		69F258FF1BBB26DB00F1CAF6 /* Products */ = {
			isa = PBXGroup;
			children = (
				69F258FE1BBB26DB00F1CAF6 /* RanchForecast.app */,
				69F2590D1BBB26DB00F1CAF6 /* RanchForecastTests.xctest */,
				69F259181BBB26DB00F1CAF6 /* RanchForecastUITests.xctest */,
			);
			name = Products;
			sourceTree = "<group>";
		};
		69F259001BBB26DB00F1CAF6 /* RanchForecast */ = {
			isa = PBXGroup;
			children = (
				69F259011BBB26DB00F1CAF6 /* AppDelegate.swift */,
				69F259031BBB26DB00F1CAF6 /* Assets.xcassets */,
				69F259051BBB26DB00F1CAF6 /* MainMenu.xib */,
				69F259081BBB26DB00F1CAF6 /* Info.plist */,
				69F2592A1BBB27A300F1CAF6 /* MainWindowController.swift */,
				69F2592B1BBB27A300F1CAF6 /* MainWindowController.xib */,
				69F2592E1BBB282100F1CAF6 /* Course.swift */,
				69F259301BBB28BE00F1CAF6 /* ScheduleFetcher.swift */,
			);
			path = RanchForecast;
			sourceTree = "<group>";
		};
		69F259101BBB26DB00F1CAF6 /* RanchForecastTests */ = {
			isa = PBXGroup;
			children = (
				69F259131BBB26DB00F1CAF6 /* Info.plist */,
				6998892E1BBD8E52004ACB8D /* CourseTest.swift */,
				699889301BBD8F52004ACB8D /* Constants.swift */,
				699889321BBDA31E004ACB8D /* ScheduleFetcherTests.swift */,
			);
			path = RanchForecastTests;
			sourceTree = "<group>";
		};
		69F2591B1BBB26DB00F1CAF6 /* RanchForecastUITests */ = {
			isa = PBXGroup;
			children = (
				69F2591C1BBB26DB00F1CAF6 /* RanchForecastUITests.swift */,
				69F2591E1BBB26DB00F1CAF6 /* Info.plist */,
			);
			path = RanchForecastUITests;
			sourceTree = "<group>";
		};
/* End PBXGroup section */

/* Begin PBXNativeTarget section */
		69F258FD1BBB26DB00F1CAF6 /* RanchForecast */ = {
			isa = PBXNativeTarget;
			buildConfigurationList = 69F259211BBB26DB00F1CAF6 /* Build configuration list for PBXNativeTarget "RanchForecast" */;
			buildPhases = (
				69F258FA1BBB26DB00F1CAF6 /* Sources */,
				69F258FB1BBB26DB00F1CAF6 /* Frameworks */,
				69F258FC1BBB26DB00F1CAF6 /* Resources */,
			);
			buildRules = (
			);
			dependencies = (
			);
			name = RanchForecast;
			productName = RanchForecast;
			productReference = 69F258FE1BBB26DB00F1CAF6 /* RanchForecast.app */;
			productType = "com.apple.product-type.application";
		};
		69F2590C1BBB26DB00F1CAF6 /* RanchForecastTests */ = {
			isa = PBXNativeTarget;
			buildConfigurationList = 69F259241BBB26DB00F1CAF6 /* Build configuration list for PBXNativeTarget "RanchForecastTests" */;
			buildPhases = (
				69F259091BBB26DB00F1CAF6 /* Sources */,
				69F2590A1BBB26DB00F1CAF6 /* Frameworks */,
				69F2590B1BBB26DB00F1CAF6 /* Resources */,
			);
			buildRules = (
			);
			dependencies = (
				69F2590F1BBB26DB00F1CAF6 /* PBXTargetDependency */,
			);
			name = RanchForecastTests;
			productName = RanchForecastTests;
			productReference = 69F2590D1BBB26DB00F1CAF6 /* RanchForecastTests.xctest */;
			productType = "com.apple.product-type.bundle.unit-test";
		};
		69F259171BBB26DB00F1CAF6 /* RanchForecastUITests */ = {
			isa = PBXNativeTarget;
			buildConfigurationList = 69F259271BBB26DB00F1CAF6 /* Build configuration list for PBXNativeTarget "RanchForecastUITests" */;
			buildPhases = (
				69F259141BBB26DB00F1CAF6 /* Sources */,
				69F259151BBB26DB00F1CAF6 /* Frameworks */,
				69F259161BBB26DB00F1CAF6 /* Resources */,
			);
			buildRules = (
			);
			dependencies = (
				69F2591A1BBB26DB00F1CAF6 /* PBXTargetDependency */,
			);
			name = RanchForecastUITests;
			productName = RanchForecastUITests;
			productReference = 69F259181BBB26DB00F1CAF6 /* RanchForecastUITests.xctest */;
			productType = "com.apple.product-type.bundle.ui-testing";
		};
/* End PBXNativeTarget section */

/* Begin PBXProject section */
		69F258F61BBB26DB00F1CAF6 /* Project object */ = {
			isa = PBXProject;
			attributes = {
				LastSwiftUpdateCheck = 0700;
				LastUpgradeCheck = 0700;
				ORGANIZATIONNAME = "Stephen Skubik-Peplaski";
				TargetAttributes = {
					69F258FD1BBB26DB00F1CAF6 = {
						CreatedOnToolsVersion = 7.0;
						DevelopmentTeam = LXAH2U9MK9;
					};
					69F2590C1BBB26DB00F1CAF6 = {
						CreatedOnToolsVersion = 7.0;
						TestTargetID = 69F258FD1BBB26DB00F1CAF6;
					};
					69F259171BBB26DB00F1CAF6 = {
						CreatedOnToolsVersion = 7.0;
						TestTargetID = 69F258FD1BBB26DB00F1CAF6;
					};
				};
			};
			buildConfigurationList = 69F258F91BBB26DB00F1CAF6 /* Build configuration list for PBXProject "RanchForecast" */;
			compatibilityVersion = "Xcode 3.2";
			developmentRegion = English;
			hasScannedForEncodings = 0;
			knownRegions = (
				en,
				Base,
			);
			mainGroup = 69F258F51BBB26DB00F1CAF6;
			productRefGroup = 69F258FF1BBB26DB00F1CAF6 /* Products */;
			projectDirPath = "";
			projectRoot = "";
			targets = (
				69F258FD1BBB26DB00F1CAF6 /* RanchForecast */,
				69F2590C1BBB26DB00F1CAF6 /* RanchForecastTests */,
				69F259171BBB26DB00F1CAF6 /* RanchForecastUITests */,
			);
		};
/* End PBXProject section */

/* Begin PBXResourcesBuildPhase section */
		69F258FC1BBB26DB00F1CAF6 /* Resources */ = {
			isa = PBXResourcesBuildPhase;
			buildActionMask = 2147483647;
			files = (
				69F259041BBB26DB00F1CAF6 /* Assets.xcassets in Resources */,
				69F2592D1BBB27A300F1CAF6 /* MainWindowController.xib in Resources */,
				69F259071BBB26DB00F1CAF6 /* MainMenu.xib in Resources */,
			);
			runOnlyForDeploymentPostprocessing = 0;
		};
		69F2590B1BBB26DB00F1CAF6 /* Resources */ = {
			isa = PBXResourcesBuildPhase;
			buildActionMask = 2147483647;
			files = (
			);
			runOnlyForDeploymentPostprocessing = 0;
		};
		69F259161BBB26DB00F1CAF6 /* Resources */ = {
			isa = PBXResourcesBuildPhase;
			buildActionMask = 2147483647;
			files = (
			);
			runOnlyForDeploymentPostprocessing = 0;
		};
/* End PBXResourcesBuildPhase section */

/* Begin PBXSourcesBuildPhase section */
		69F258FA1BBB26DB00F1CAF6 /* Sources */ = {
			isa = PBXSourcesBuildPhase;
			buildActionMask = 2147483647;
			files = (
				69F2592F1BBB282100F1CAF6 /* Course.swift in Sources */,
				69F2592C1BBB27A300F1CAF6 /* MainWindowController.swift in Sources */,
				69F259311BBB28BE00F1CAF6 /* ScheduleFetcher.swift in Sources */,
				69F259021BBB26DB00F1CAF6 /* AppDelegate.swift in Sources */,
			);
			runOnlyForDeploymentPostprocessing = 0;
		};
		69F259091BBB26DB00F1CAF6 /* Sources */ = {
			isa = PBXSourcesBuildPhase;
			buildActionMask = 2147483647;
			files = (
				6998892F1BBD8E52004ACB8D /* CourseTest.swift in Sources */,
				699889331BBDA31E004ACB8D /* ScheduleFetcherTests.swift in Sources */,
				699889311BBD8F52004ACB8D /* Constants.swift in Sources */,
			);
			runOnlyForDeploymentPostprocessing = 0;
		};
		69F259141BBB26DB00F1CAF6 /* Sources */ = {
			isa = PBXSourcesBuildPhase;
			buildActionMask = 2147483647;
			files = (
				69F2591D1BBB26DB00F1CAF6 /* RanchForecastUITests.swift in Sources */,
			);
			runOnlyForDeploymentPostprocessing = 0;
		};
/* End PBXSourcesBuildPhase section */

/* Begin PBXTargetDependency section */
		69F2590F1BBB26DB00F1CAF6 /* PBXTargetDependency */ = {
			isa = PBXTargetDependency;
			target = 69F258FD1BBB26DB00F1CAF6 /* RanchForecast */;
			targetProxy = 69F2590E1BBB26DB00F1CAF6 /* PBXContainerItemProxy */;
		};
		69F2591A1BBB26DB00F1CAF6 /* PBXTargetDependency */ = {
			isa = PBXTargetDependency;
			target = 69F258FD1BBB26DB00F1CAF6 /* RanchForecast */;
			targetProxy = 69F259191BBB26DB00F1CAF6 /* PBXContainerItemProxy */;
		};
/* End PBXTargetDependency section */

/* Begin PBXVariantGroup section */
		69F259051BBB26DB00F1CAF6 /* MainMenu.xib */ = {
			isa = PBXVariantGroup;
			children = (
				69F259061BBB26DB00F1CAF6 /* Base */,
			);
			name = MainMenu.xib;
			sourceTree = "<group>";
		};
/* End PBXVariantGroup section */

/* Begin XCBuildConfiguration section */
		69F2591F1BBB26DB00F1CAF6 /* Debug */ = {
			isa = XCBuildConfiguration;
			buildSettings = {
				ALWAYS_SEARCH_USER_PATHS = NO;
				CLANG_CXX_LANGUAGE_STANDARD = "gnu++0x";
				CLANG_CXX_LIBRARY = "libc++";
				CLANG_ENABLE_MODULES = YES;
				CLANG_ENABLE_OBJC_ARC = YES;
				CLANG_WARN_BOOL_CONVERSION = YES;
				CLANG_WARN_CONSTANT_CONVERSION = YES;
				CLANG_WARN_DIRECT_OBJC_ISA_USAGE = YES_ERROR;
				CLANG_WARN_EMPTY_BODY = YES;
				CLANG_WARN_ENUM_CONVERSION = YES;
				CLANG_WARN_INT_CONVERSION = YES;
				CLANG_WARN_OBJC_ROOT_CLASS = YES_ERROR;
				CLANG_WARN_UNREACHABLE_CODE = YES;
				CLANG_WARN__DUPLICATE_METHOD_MATCH = YES;
				CODE_SIGN_IDENTITY = "-";
				COPY_PHASE_STRIP = NO;
				DEBUG_INFORMATION_FORMAT = dwarf;
				ENABLE_STRICT_OBJC_MSGSEND = YES;
				ENABLE_TESTABILITY = YES;
				GCC_C_LANGUAGE_STANDARD = gnu99;
				GCC_DYNAMIC_NO_PIC = NO;
				GCC_NO_COMMON_BLOCKS = YES;
				GCC_OPTIMIZATION_LEVEL = 0;
				GCC_PREPROCESSOR_DEFINITIONS = (
					"DEBUG=1",
					"$(inherited)",
				);
				GCC_WARN_64_TO_32_BIT_CONVERSION = YES;
				GCC_WARN_ABOUT_RETURN_TYPE = YES_ERROR;
				GCC_WARN_UNDECLARED_SELECTOR = YES;
				GCC_WARN_UNINITIALIZED_AUTOS = YES_AGGRESSIVE;
				GCC_WARN_UNUSED_FUNCTION = YES;
				GCC_WARN_UNUSED_VARIABLE = YES;
				MACOSX_DEPLOYMENT_TARGET = 10.11;
				MTL_ENABLE_DEBUG_INFO = YES;
				ONLY_ACTIVE_ARCH = YES;
				SDKROOT = macosx;
				SWIFT_OPTIMIZATION_LEVEL = "-Onone";
			};
			name = Debug;
		};
		69F259201BBB26DB00F1CAF6 /* Release */ = {
			isa = XCBuildConfiguration;
			buildSettings = {
				ALWAYS_SEARCH_USER_PATHS = NO;
				CLANG_CXX_LANGUAGE_STANDARD = "gnu++0x";
				CLANG_CXX_LIBRARY = "libc++";
				CLANG_ENABLE_MODULES = YES;
				CLANG_ENABLE_OBJC_ARC = YES;
				CLANG_WARN_BOOL_CONVERSION = YES;
				CLANG_WARN_CONSTANT_CONVERSION = YES;
				CLANG_WARN_DIRECT_OBJC_ISA_USAGE = YES_ERROR;
				CLANG_WARN_EMPTY_BODY = YES;
				CLANG_WARN_ENUM_CONVERSION = YES;
				CLANG_WARN_INT_CONVERSION = YES;
				CLANG_WARN_OBJC_ROOT_CLASS = YES_ERROR;
				CLANG_WARN_UNREACHABLE_CODE = YES;
				CLANG_WARN__DUPLICATE_METHOD_MATCH = YES;
				CODE_SIGN_IDENTITY = "-";
				COPY_PHASE_STRIP = NO;
				DEBUG_INFORMATION_FORMAT = "dwarf-with-dsym";
				ENABLE_NS_ASSERTIONS = NO;
				ENABLE_STRICT_OBJC_MSGSEND = YES;
				GCC_C_LANGUAGE_STANDARD = gnu99;
				GCC_NO_COMMON_BLOCKS = YES;
				GCC_WARN_64_TO_32_BIT_CONVERSION = YES;
				GCC_WARN_ABOUT_RETURN_TYPE = YES_ERROR;
				GCC_WARN_UNDECLARED_SELECTOR = YES;
				GCC_WARN_UNINITIALIZED_AUTOS = YES_AGGRESSIVE;
				GCC_WARN_UNUSED_FUNCTION = YES;
				GCC_WARN_UNUSED_VARIABLE = YES;
				MACOSX_DEPLOYMENT_TARGET = 10.11;
				MTL_ENABLE_DEBUG_INFO = NO;
				SDKROOT = macosx;
			};
			name = Release;
		};
		69F259221BBB26DB00F1CAF6 /* Debug */ = {
			isa = XCBuildConfiguration;
			buildSettings = {
				ASSETCATALOG_COMPILER_APPICON_NAME = AppIcon;
				"CODE_SIGN_ENTITLEMENTS[sdk=macosx*]" = "";
				CODE_SIGN_IDENTITY = "Mac Developer";
				"CODE_SIGN_IDENTITY[sdk=macosx*]" = "Mac Developer";
				COMBINE_HIDPI_IMAGES = YES;
				INFOPLIST_FILE = RanchForecast/Info.plist;
				LD_RUNPATH_SEARCH_PATHS = "$(inherited) @executable_path/../Frameworks";
				PRODUCT_BUNDLE_IDENTIFIER = com.573f.RanchForecast;
				PRODUCT_NAME = "$(TARGET_NAME)";
				PROVISIONING_PROFILE = "";
			};
			name = Debug;
		};
		69F259231BBB26DB00F1CAF6 /* Release */ = {
			isa = XCBuildConfiguration;
			buildSettings = {
				ASSETCATALOG_COMPILER_APPICON_NAME = AppIcon;
				CODE_SIGN_IDENTITY = "Mac Developer";
				"CODE_SIGN_IDENTITY[sdk=macosx*]" = "Mac Developer";
				COMBINE_HIDPI_IMAGES = YES;
				INFOPLIST_FILE = RanchForecast/Info.plist;
				LD_RUNPATH_SEARCH_PATHS = "$(inherited) @executable_path/../Frameworks";
				PRODUCT_BUNDLE_IDENTIFIER = com.573f.RanchForecast;
				PRODUCT_NAME = "$(TARGET_NAME)";
				PROVISIONING_PROFILE = "";
			};
			name = Release;
		};
		69F259251BBB26DB00F1CAF6 /* Debug */ = {
			isa = XCBuildConfiguration;
			buildSettings = {
				BUNDLE_LOADER = "$(TEST_HOST)";
				CLANG_ENABLE_MODULES = YES;
				COMBINE_HIDPI_IMAGES = YES;
				INFOPLIST_FILE = RanchForecastTests/Info.plist;
				LD_RUNPATH_SEARCH_PATHS = "$(inherited) @executable_path/../Frameworks @loader_path/../Frameworks";
				PRODUCT_BUNDLE_IDENTIFIER = com.573f.RanchForecastTests;
				PRODUCT_NAME = "$(TARGET_NAME)";
				SWIFT_OPTIMIZATION_LEVEL = "-Onone";
				TEST_HOST = "$(BUILT_PRODUCTS_DIR)/RanchForecast.app/Contents/MacOS/RanchForecast";
			};
			name = Debug;
		};
		69F259261BBB26DB00F1CAF6 /* Release */ = {
			isa = XCBuildConfiguration;
			buildSettings = {
				BUNDLE_LOADER = "$(TEST_HOST)";
				CLANG_ENABLE_MODULES = YES;
				COMBINE_HIDPI_IMAGES = YES;
				INFOPLIST_FILE = RanchForecastTests/Info.plist;
				LD_RUNPATH_SEARCH_PATHS = "$(inherited) @executable_path/../Frameworks @loader_path/../Frameworks";
				PRODUCT_BUNDLE_IDENTIFIER = com.573f.RanchForecastTests;
				PRODUCT_NAME = "$(TARGET_NAME)";
				TEST_HOST = "$(BUILT_PRODUCTS_DIR)/RanchForecast.app/Contents/MacOS/RanchForecast";
			};
			name = Release;
		};
		69F259281BBB26DB00F1CAF6 /* Debug */ = {
			isa = XCBuildConfiguration;
			buildSettings = {
				COMBINE_HIDPI_IMAGES = YES;
				INFOPLIST_FILE = RanchForecastUITests/Info.plist;
				LD_RUNPATH_SEARCH_PATHS = "$(inherited) @executable_path/../Frameworks @loader_path/../Frameworks";
				PRODUCT_BUNDLE_IDENTIFIER = com.573f.RanchForecastUITests;
				PRODUCT_NAME = "$(TARGET_NAME)";
				TEST_TARGET_NAME = RanchForecast;
				USES_XCTRUNNER = YES;
			};
			name = Debug;
		};
		69F259291BBB26DB00F1CAF6 /* Release */ = {
			isa = XCBuildConfiguration;
			buildSettings = {
				COMBINE_HIDPI_IMAGES = YES;
				INFOPLIST_FILE = RanchForecastUITests/Info.plist;
				LD_RUNPATH_SEARCH_PATHS = "$(inherited) @executable_path/../Frameworks @loader_path/../Frameworks";
				PRODUCT_BUNDLE_IDENTIFIER = com.573f.RanchForecastUITests;
				PRODUCT_NAME = "$(TARGET_NAME)";
				TEST_TARGET_NAME = RanchForecast;
				USES_XCTRUNNER = YES;
			};
			name = Release;
		};
/* End XCBuildConfiguration section */

/* Begin XCConfigurationList section */
		69F258F91BBB26DB00F1CAF6 /* Build configuration list for PBXProject "RanchForecast" */ = {
			isa = XCConfigurationList;
			buildConfigurations = (
				69F2591F1BBB26DB00F1CAF6 /* Debug */,
				69F259201BBB26DB00F1CAF6 /* Release */,
			);
			defaultConfigurationIsVisible = 0;
			defaultConfigurationName = Release;
		};
		69F259211BBB26DB00F1CAF6 /* Build configuration list for PBXNativeTarget "RanchForecast" */ = {
			isa = XCConfigurationList;
			buildConfigurations = (
				69F259221BBB26DB00F1CAF6 /* Debug */,
				69F259231BBB26DB00F1CAF6 /* Release */,
			);
			defaultConfigurationIsVisible = 0;
			defaultConfigurationName = Release;
		};
		69F259241BBB26DB00F1CAF6 /* Build configuration list for PBXNativeTarget "RanchForecastTests" */ = {
			isa = XCConfigurationList;
			buildConfigurations = (
				69F259251BBB26DB00F1CAF6 /* Debug */,
				69F259261BBB26DB00F1CAF6 /* Release */,
			);
			defaultConfigurationIsVisible = 0;
			defaultConfigurationName = Release;
		};
		69F259271BBB26DB00F1CAF6 /* Build configuration list for PBXNativeTarget "RanchForecastUITests" */ = {
			isa = XCConfigurationList;
			buildConfigurations = (
				69F259281BBB26DB00F1CAF6 /* Debug */,
				69F259291BBB26DB00F1CAF6 /* Release */,
			);
			defaultConfigurationIsVisible = 0;
			defaultConfigurationName = Release;
		};
/* End XCConfigurationList section */
	};
	rootObject = 69F258F61BBB26DB00F1CAF6 /* Project object */;
}
